
Microsoft Visual Studio Solution File, Format Version 12.00
# Visual Studio Version 17
VisualStudioVersion = 17.0.31903.59
MinimumVisualStudioVersion = 10.0.40219.1
Project("{2150E333-8FDC-42A3-9474-1A3956D46DE8}") = "src", "src", "{AFBFC04A-690B-44BF-8E11-048D7CB67131}"
EndProject
Project("{FAE04EC0-301F-11D3-BF4B-00C04F79EFBC}") = "NotesService", "src\NotesService\NotesService.csproj", "{1947A070-26E8-430D-86D9-300D490D6140}"
EndProject
Global
	GlobalSection(SolutionConfigurationPlatforms) = preSolution
		Debug|Any CPU = Debug|Any CPU
		Release|Any CPU = Release|Any CPU
	EndGlobalSection
	GlobalSection(SolutionProperties) = preSolution
		HideSolutionNode = FALSE
	EndGlobalSection
	GlobalSection(ProjectConfigurationPlatforms) = postSolution
		{1947A070-26E8-430D-86D9-300D490D6140}.Debug|Any CPU.ActiveCfg = Debug|Any CPU
		{1947A070-26E8-430D-86D9-300D490D6140}.Debug|Any CPU.Build.0 = Debug|Any CPU
		{1947A070-26E8-430D-86D9-300D490D6140}.Release|Any CPU.ActiveCfg = Release|Any CPU
		{1947A070-26E8-430D-86D9-300D490D6140}.Release|Any CPU.Build.0 = Release|Any CPU
	EndGlobalSection
	GlobalSection(NestedProjects) = preSolution
		{1947A070-26E8-430D-86D9-300D490D6140} = {AFBFC04A-690B-44BF-8E11-048D7CB67131}
	EndGlobalSection
EndGlobal
